PODS:
  - Mapbox-iOS-SDK (5.2.0)
  - Nuke (8.2.0)
  - youtube-ios-player-helper (0.1.6)

DEPENDENCIES:
  - Mapbox-iOS-SDK (~> 5.2)
  - Nuke (~> 8.0)
  - youtube-ios-player-helper (~> 0.1.4)

SPEC REPOS:
  trunk:
    - Mapbox-iOS-SDK
    - Nuke
    - youtube-ios-player-helper

SPEC CHECKSUMS:
  Mapbox-iOS-SDK: 3e095b305126d52ba166fe215d847b15b6fbee63
  Nuke: 0134d56b7c9dd3e69e9bce8bdcb37c2e0d55469f
  youtube-ios-player-helper: 21ab92db027c7ff86cb17a3843a3f6eafc8158d2

PODFILE CHECKSUM: c8c8c154dca43cdc305bed325f9e420194aff684

COCOAPODS: 1.8.3
